# This file is automatically @generated by Cargo.
# It is not intended for manual editing.
version = 4

[[package]]
name = "briscola_ai"
version = "0.1.0"
dependencies = [
 "briscola_core",
]

[[package]]
name = "briscola_core"
version = "0.1.0"

[[package]]
name = "cli"
version = "0.1.0"
dependencies = [
 "briscola_ai",
 "briscola_core",
]
